
Microsoft Visual Studio Solution File, Format Version 12.00
# Visual Studio Version 16
VisualStudioVersion = 16.0.29709.97
MinimumVisualStudioVersion = 10.0.40219.1
Project("{9A19103F-16F7-4668-BE54-9A1E7A4F7556}") = "RikkiFlashCards", "RikkiFlashCards\RikkiFlashCards.csproj", "{57744F01-1069-43AE-9978-79418BCB0513}"
EndProject
Project("{FAE04EC0-301F-11D3-BF4B-00C04F79EFBC}") = "RikkiFlashCards.Tests", "RikkiFlashCards.Tests\RikkiFlashCards.Tests.csproj", "{C158C4E5-8936-40A1-8AEF-994C75DC0457}"
EndProject
Global
	GlobalSection(SolutionConfigurationPlatforms) = preSolution
		Debug|Any CPU = Debug|Any CPU
		Release|Any CPU = Release|Any CPU
	EndGlobalSection
	GlobalSection(ProjectConfigurationPlatforms) = postSolution
		{57744F01-1069-43AE-9978-79418BCB0513}.Debug|Any CPU.ActiveCfg = Debug|Any CPU
		{57744F01-1069-43AE-9978-79418BCB0513}.Debug|Any CPU.Build.0 = Debug|Any CPU
		{57744F01-1069-43AE-9978-79418BCB0513}.Release|Any CPU.ActiveCfg = Release|Any CPU
		{57744F01-1069-43AE-9978-79418BCB0513}.Release|Any CPU.Build.0 = Release|Any CPU
		{C158C4E5-8936-40A1-8AEF-994C75DC0457}.Debug|Any CPU.ActiveCfg = Debug|Any CPU
		{C158C4E5-8936-40A1-8AEF-994C75DC0457}.Debug|Any CPU.Build.0 = Debug|Any CPU
		{C158C4E5-8936-40A1-8AEF-994C75DC0457}.Release|Any CPU.ActiveCfg = Release|Any CPU
		{C158C4E5-8936-40A1-8AEF-994C75DC0457}.Release|Any CPU.Build.0 = Release|Any CPU
	EndGlobalSection
	GlobalSection(SolutionProperties) = preSolution
		HideSolutionNode = FALSE
	EndGlobalSection
	GlobalSection(ExtensibilityGlobals) = postSolution
		SolutionGuid = {D300B066-E8DA-4649-8E33-273868A8B546}
	EndGlobalSection
EndGlobal
